
Microsoft Visual Studio Solution File, Format Version 12.00
# Visual Studio 2012
Project("{FAE04EC0-301F-11D3-BF4B-00C04F79EFBC}") = "Decidir-SDK", "Decidir-SDK\Decidir-SDK.csproj", "{47C7DD7A-622F-40B1-9C52-01A3221DC143}"
EndProject
Project("{FAE04EC0-301F-11D3-BF4B-00C04F79EFBC}") = "Console Sample", "Console Sample\Console Sample.csproj", "{08956379-4960-4F71-8D36-E2FCE9F4063E}"
EndProject
Project("{2150E333-8FDC-42A3-9474-1A3956D46DE8}") = "Solution Items", "Solution Items", "{485E65E9-2B86-4F8F-8F15-D3765A7002E7}"
	ProjectSection(SolutionItems) = preProject
		README.md = README.md
	EndProjectSection
EndProject
Global
	GlobalSection(SolutionConfigurationPlatforms) = preSolution
		Debug|Any CPU = Debug|Any CPU
		Release|Any CPU = Release|Any CPU
	EndGlobalSection
	GlobalSection(ProjectConfigurationPlatforms) = postSolution
		{47C7DD7A-622F-40B1-9C52-01A3221DC143}.Debug|Any CPU.ActiveCfg = Debug|Any CPU
		{47C7DD7A-622F-40B1-9C52-01A3221DC143}.Debug|Any CPU.Build.0 = Debug|Any CPU
		{47C7DD7A-622F-40B1-9C52-01A3221DC143}.Release|Any CPU.ActiveCfg = Release|Any CPU
		{47C7DD7A-622F-40B1-9C52-01A3221DC143}.Release|Any CPU.Build.0 = Release|Any CPU
		{08956379-4960-4F71-8D36-E2FCE9F4063E}.Debug|Any CPU.ActiveCfg = Debug|Any CPU
		{08956379-4960-4F71-8D36-E2FCE9F4063E}.Debug|Any CPU.Build.0 = Debug|Any CPU
		{08956379-4960-4F71-8D36-E2FCE9F4063E}.Release|Any CPU.ActiveCfg = Release|Any CPU
		{08956379-4960-4F71-8D36-E2FCE9F4063E}.Release|Any CPU.Build.0 = Release|Any CPU
	EndGlobalSection
	GlobalSection(SolutionProperties) = preSolution
		HideSolutionNode = FALSE
	EndGlobalSection
EndGlobal
